
Microsoft Visual Studio Solution File, Format Version 12.00
# Visual Studio Version 16
VisualStudioVersion = 16.0.32407.337
MinimumVisualStudioVersion = 10.0.40219.1
Project("{00D1A9C2-B5F0-4AF3-8072-F6C62B433612}") = "HoursBank.DB", "HoursBank.DB\HoursBank.DB.sqlproj", "{5A8DCD79-396B-461C-9846-A2B547821924}"
EndProject
Project("{FAE04EC0-301F-11D3-BF4B-00C04F79EFBC}") = "HoursBank.Web", "HoursBank.Web\HoursBank.Web.csproj", "{8E084445-98F1-4B5D-8536-3D9E5142B52B}"
EndProject
Global
	GlobalSection(SolutionConfigurationPlatforms) = preSolution
		Debug|Any CPU = Debug|Any CPU
		Release|Any CPU = Release|Any CPU
	EndGlobalSection
	GlobalSection(ProjectConfigurationPlatforms) = postSolution
		{5A8DCD79-396B-461C-9846-A2B547821924}.Debug|Any CPU.ActiveCfg = Debug|Any CPU
		{5A8DCD79-396B-461C-9846-A2B547821924}.Debug|Any CPU.Build.0 = Debug|Any CPU
		{5A8DCD79-396B-461C-9846-A2B547821924}.Debug|Any CPU.Deploy.0 = Debug|Any CPU
		{5A8DCD79-396B-461C-9846-A2B547821924}.Release|Any CPU.ActiveCfg = Release|Any CPU
		{5A8DCD79-396B-461C-9846-A2B547821924}.Release|Any CPU.Build.0 = Release|Any CPU
		{5A8DCD79-396B-461C-9846-A2B547821924}.Release|Any CPU.Deploy.0 = Release|Any CPU
		{8E084445-98F1-4B5D-8536-3D9E5142B52B}.Debug|Any CPU.ActiveCfg = Debug|Any CPU
		{8E084445-98F1-4B5D-8536-3D9E5142B52B}.Debug|Any CPU.Build.0 = Debug|Any CPU
		{8E084445-98F1-4B5D-8536-3D9E5142B52B}.Release|Any CPU.ActiveCfg = Release|Any CPU
		{8E084445-98F1-4B5D-8536-3D9E5142B52B}.Release|Any CPU.Build.0 = Release|Any CPU
	EndGlobalSection
	GlobalSection(SolutionProperties) = preSolution
		HideSolutionNode = FALSE
	EndGlobalSection
	GlobalSection(ExtensibilityGlobals) = postSolution
		SolutionGuid = {540BE85A-DB4B-4D2B-A258-CA79BA667AD5}
	EndGlobalSection
EndGlobal
